// !$*UTF8*$!
{
	archiveVersion = 1;
	classes = {
	};
	objectVersion = 51;
	objects = {

/* Begin PBXBuildFile section */
		741B6EC8236A59BA00B76090 /* AppDelegate.swift in Sources */ = {isa = PBXBuildFile; fileRef = 741B6EC7236A59BA00B76090 /* AppDelegate.swift */; };
		741B6ECA236A59BA00B76090 /* SceneDelegate.swift in Sources */ = {isa = PBXBuildFile; fileRef = 741B6EC9236A59BA00B76090 /* SceneDelegate.swift */; };
		741B6ECC236A59BA00B76090 /* MainViewController.swift in Sources */ = {isa = PBXBuildFile; fileRef = 741B6ECB236A59BA00B76090 /* MainViewController.swift */; };
		741B6ED1236A59BC00B76090 /* Assets.xcassets in Resources */ = {isa = PBXBuildFile; fileRef = 741B6ED0236A59BC00B76090 /* Assets.xcassets */; };
		741B6ED4236A59BC00B76090 /* LaunchScreen.storyboard in Resources */ = {isa = PBXBuildFile; fileRef = 741B6ED2236A59BC00B76090 /* LaunchScreen.storyboard */; };
		741B6EE0236A5C9500B76090 /* UIColor+Extension.swift in Sources */ = {isa = PBXBuildFile; fileRef = 741B6EDF236A5C9400B76090 /* UIColor+Extension.swift */; };
		741B6EE3236A5E1700B76090 /* HTTPClient.swift in Sources */ = {isa = PBXBuildFile; fileRef = 741B6EE1236A5E1600B76090 /* HTTPClient.swift */; };
		741B6EE4236A5E1700B76090 /* TouristSitesAPI.swift in Sources */ = {isa = PBXBuildFile; fileRef = 741B6EE2236A5E1600B76090 /* TouristSitesAPI.swift */; };
		741B6EE6236A646000B76090 /* Observable.swift in Sources */ = {isa = PBXBuildFile; fileRef = 741B6EE5236A646000B76090 /* Observable.swift */; };
		741B6EF0236A65F900B76090 /* TouristSiteCell.swift in Sources */ = {isa = PBXBuildFile; fileRef = 741B6EEC236A65F900B76090 /* TouristSiteCell.swift */; };
		741B6EF1236A65F900B76090 /* TouristSitePhotoCell.xib in Resources */ = {isa = PBXBuildFile; fileRef = 741B6EED236A65F900B76090 /* TouristSitePhotoCell.xib */; };
		741B6EF2236A65F900B76090 /* TouristSitePhotoCell.swift in Sources */ = {isa = PBXBuildFile; fileRef = 741B6EEE236A65F900B76090 /* TouristSitePhotoCell.swift */; };
		741B6EF3236A65F900B76090 /* TouristSiteCell.xib in Resources */ = {isa = PBXBuildFile; fileRef = 741B6EEF236A65F900B76090 /* TouristSiteCell.xib */; };
		741B6EF5236A6A0C00B76090 /* UIView+Extension.swift in Sources */ = {isa = PBXBuildFile; fileRef = 741B6EF4236A6A0C00B76090 /* UIView+Extension.swift */; };
		741B6EF7236A6BA900B76090 /* UITableView+Extension.swift in Sources */ = {isa = PBXBuildFile; fileRef = 741B6EF6236A6BA900B76090 /* UITableView+Extension.swift */; };
		741B6EF9236A6DBD00B76090 /* UICollectionView+Extension.swift in Sources */ = {isa = PBXBuildFile; fileRef = 741B6EF8236A6DBD00B76090 /* UICollectionView+Extension.swift */; };
		741B6EFB236D0E9D00B76090 /* MainViewModel.swift in Sources */ = {isa = PBXBuildFile; fileRef = 741B6EFA236D0E9D00B76090 /* MainViewModel.swift */; };
		741B6EFD236D11F600B76090 /* Kingfisher+Wrapper.swift in Sources */ = {isa = PBXBuildFile; fileRef = 741B6EFC236D11F600B76090 /* Kingfisher+Wrapper.swift */; };
		741B6F07236DC93900B76090 /* DetailTableViewCell.swift in Sources */ = {isa = PBXBuildFile; fileRef = 741B6F04236DC93900B76090 /* DetailTableViewCell.swift */; };
		741B6F08236DC93900B76090 /* DetailTableViewCell.xib in Resources */ = {isa = PBXBuildFile; fileRef = 741B6F05236DC93900B76090 /* DetailTableViewCell.xib */; };
		741B6F09236DC93900B76090 /* DetailViewController.swift in Sources */ = {isa = PBXBuildFile; fileRef = 741B6F06236DC93900B76090 /* DetailViewController.swift */; };
		741B6F0B236E328900B76090 /* TouristSitesService.swift in Sources */ = {isa = PBXBuildFile; fileRef = 741B6F0A236E328900B76090 /* TouristSitesService.swift */; };
		741B6F0D236E5B5600B76090 /* TSNavigationController.swift in Sources */ = {isa = PBXBuildFile; fileRef = 741B6F0C236E5B5600B76090 /* TSNavigationController.swift */; };
		84078E88448959B1D6235675 /* Pods_TouristSites.framework in Frameworks */ = {isa = PBXBuildFile; fileRef = 3A53F5AB98EA2382F26C886C /* Pods_TouristSites.framework */; };
/* End PBXBuildFile section */

/* Begin PBXFileReference section */
		0ED39D4C8538C9220125F89E /* Pods-TouristSites.debug.xcconfig */ = {isa = PBXFileReference; includeInIndex = 1; lastKnownFileType = text.xcconfig; name = "Pods-TouristSites.debug.xcconfig"; path = "Target Support Files/Pods-TouristSites/Pods-TouristSites.debug.xcconfig"; sourceTree = "<group>"; };
		3A53F5AB98EA2382F26C886C /* Pods_TouristSites.framework */ = {isa = PBXFileReference; explicitFileType = wrapper.framework; includeInIndex = 0; path = Pods_TouristSites.framework; sourceTree = BUILT_PRODUCTS_DIR; };
		5D0B3762F8358DB2EFC7B9D7 /* Pods-TouristSites.release.xcconfig */ = {isa = PBXFileReference; includeInIndex = 1; lastKnownFileType = text.xcconfig; name = "Pods-TouristSites.release.xcconfig"; path = "Target Support Files/Pods-TouristSites/Pods-TouristSites.release.xcconfig"; sourceTree = "<group>"; };
		741B6EC4236A59BA00B76090 /* TouristSites.app */ = {isa = PBXFileReference; explicitFileType = wrapper.application; includeInIndex = 0; path = TouristSites.app; sourceTree = BUILT_PRODUCTS_DIR; };
		741B6EC7236A59BA00B76090 /* AppDelegate.swift */ = {isa = PBXFileReference; lastKnownFileType = sourcecode.swift; path = AppDelegate.swift; sourceTree = "<group>"; };
		741B6EC9236A59BA00B76090 /* SceneDelegate.swift */ = {isa = PBXFileReference; lastKnownFileType = sourcecode.swift; path = SceneDelegate.swift; sourceTree = "<group>"; };
		741B6ECB236A59BA00B76090 /* MainViewController.swift */ = {isa = PBXFileReference; lastKnownFileType = sourcecode.swift; path = MainViewController.swift; sourceTree = "<group>"; };
		741B6ED0236A59BC00B76090 /* Assets.xcassets */ = {isa = PBXFileReference; lastKnownFileType = folder.assetcatalog; path = Assets.xcassets; sourceTree = "<group>"; };
		741B6ED3236A59BC00B76090 /* Base */ = {isa = PBXFileReference; lastKnownFileType = file.storyboard; name = Base; path = Base.lproj/LaunchScreen.storyboard; sourceTree = "<group>"; };
		741B6ED5236A59BC00B76090 /* Info.plist */ = {isa = PBXFileReference; lastKnownFileType = text.plist.xml; path = Info.plist; sourceTree = "<group>"; };
		741B6EDF236A5C9400B76090 /* UIColor+Extension.swift */ = {isa = PBXFileReference; fileEncoding = 4; lastKnownFileType = sourcecode.swift; path = "UIColor+Extension.swift"; sourceTree = "<group>"; };
		741B6EE1236A5E1600B76090 /* HTTPClient.swift */ = {isa = PBXFileReference; fileEncoding = 4; lastKnownFileType = sourcecode.swift; path = HTTPClient.swift; sourceTree = "<group>"; };
		741B6EE2236A5E1600B76090 /* TouristSitesAPI.swift */ = {isa = PBXFileReference; fileEncoding = 4; lastKnownFileType = sourcecode.swift; path = TouristSitesAPI.swift; sourceTree = "<group>"; };
		741B6EE5236A646000B76090 /* Observable.swift */ = {isa = PBXFileReference; fileEncoding = 4; lastKnownFileType = sourcecode.swift; path = Observable.swift; sourceTree = "<group>"; };
		741B6EEC236A65F900B76090 /* TouristSiteCell.swift */ = {isa = PBXFileReference; fileEncoding = 4; lastKnownFileType = sourcecode.swift; path = TouristSiteCell.swift; sourceTree = "<group>"; };
		741B6EED236A65F900B76090 /* TouristSitePhotoCell.xib */ = {isa = PBXFileReference; fileEncoding = 4; lastKnownFileType = file.xib; path = TouristSitePhotoCell.xib; sourceTree = "<group>"; };
		741B6EEE236A65F900B76090 /* TouristSitePhotoCell.swift */ = {isa = PBXFileReference; fileEncoding = 4; lastKnownFileType = sourcecode.swift; path = TouristSitePhotoCell.swift; sourceTree = "<group>"; };
		741B6EEF236A65F900B76090 /* TouristSiteCell.xib */ = {isa = PBXFileReference; fileEncoding = 4; lastKnownFileType = file.xib; path = TouristSiteCell.xib; sourceTree = "<group>"; };
		741B6EF4236A6A0C00B76090 /* UIView+Extension.swift */ = {isa = PBXFileReference; lastKnownFileType = sourcecode.swift; path = "UIView+Extension.swift"; sourceTree = "<group>"; };
		741B6EF6236A6BA900B76090 /* UITableView+Extension.swift */ = {isa = PBXFileReference; lastKnownFileType = sourcecode.swift; path = "UITableView+Extension.swift"; sourceTree = "<group>"; };
		741B6EF8236A6DBD00B76090 /* UICollectionView+Extension.swift */ = {isa = PBXFileReference; lastKnownFileType = sourcecode.swift; path = "UICollectionView+Extension.swift"; sourceTree = "<group>"; };
		741B6EFA236D0E9D00B76090 /* MainViewModel.swift */ = {isa = PBXFileReference; fileEncoding = 4; lastKnownFileType = sourcecode.swift; path = MainViewModel.swift; sourceTree = "<group>"; };
		741B6EFC236D11F600B76090 /* Kingfisher+Wrapper.swift */ = {isa = PBXFileReference; fileEncoding = 4; lastKnownFileType = sourcecode.swift; path = "Kingfisher+Wrapper.swift"; sourceTree = "<group>"; };
		741B6F04236DC93900B76090 /* DetailTableViewCell.swift */ = {isa = PBXFileReference; fileEncoding = 4; lastKnownFileType = sourcecode.swift; path = DetailTableViewCell.swift; sourceTree = "<group>"; };
		741B6F05236DC93900B76090 /* DetailTableViewCell.xib */ = {isa = PBXFileReference; fileEncoding = 4; lastKnownFileType = file.xib; path = DetailTableViewCell.xib; sourceTree = "<group>"; };
		741B6F06236DC93900B76090 /* DetailViewController.swift */ = {isa = PBXFileReference; fileEncoding = 4; lastKnownFileType = sourcecode.swift; path = DetailViewController.swift; sourceTree = "<group>"; };
		741B6F0A236E328900B76090 /* TouristSitesService.swift */ = {isa = PBXFileReference; lastKnownFileType = sourcecode.swift; path = TouristSitesService.swift; sourceTree = "<group>"; };
		741B6F0C236E5B5600B76090 /* TSNavigationController.swift */ = {isa = PBXFileReference; lastKnownFileType = sourcecode.swift; path = TSNavigationController.swift; sourceTree = "<group>"; };
/* End PBXFileReference section */

/* Begin PBXFrameworksBuildPhase section */
		741B6EC1236A59BA00B76090 /* Frameworks */ = {
			isa = PBXFrameworksBuildPhase;
			buildActionMask = 2147483647;
			files = (
				84078E88448959B1D6235675 /* Pods_TouristSites.framework in Frameworks */,
			);
			runOnlyForDeploymentPostprocessing = 0;
		};
/* End PBXFrameworksBuildPhase section */

/* Begin PBXGroup section */
		4615357E254CFBBA79486829 /* Pods */ = {
			isa = PBXGroup;
			children = (
				0ED39D4C8538C9220125F89E /* Pods-TouristSites.debug.xcconfig */,
				5D0B3762F8358DB2EFC7B9D7 /* Pods-TouristSites.release.xcconfig */,
			);
			path = Pods;
			sourceTree = "<group>";
		};
		741B6EBB236A59BA00B76090 = {
			isa = PBXGroup;
			children = (
				741B6EC6236A59BA00B76090 /* TouristSites */,
				741B6EC5236A59BA00B76090 /* Products */,
				4615357E254CFBBA79486829 /* Pods */,
				782EAEBDF6F42F4060BDFCDF /* Frameworks */,
			);
			sourceTree = "<group>";
		};
		741B6EC5236A59BA00B76090 /* Products */ = {
			isa = PBXGroup;
			children = (
				741B6EC4236A59BA00B76090 /* TouristSites.app */,
			);
			name = Products;
			sourceTree = "<group>";
		};
		741B6EC6236A59BA00B76090 /* TouristSites */ = {
			isa = PBXGroup;
			children = (
				741B6EDE236A5C7900B76090 /* Helper */,
				741B6EDC236A5B9A00B76090 /* ViewModel */,
				741B6EDD236A5BA000B76090 /* Model */,
				741B6EDB236A5B9200B76090 /* View */,
				741B6EC7236A59BA00B76090 /* AppDelegate.swift */,
				741B6EC9236A59BA00B76090 /* SceneDelegate.swift */,
				741B6ED0236A59BC00B76090 /* Assets.xcassets */,
				741B6ED2236A59BC00B76090 /* LaunchScreen.storyboard */,
				741B6ED5236A59BC00B76090 /* Info.plist */,
			);
			path = TouristSites;
			sourceTree = "<group>";
		};
		741B6EDB236A5B9200B76090 /* View */ = {
			isa = PBXGroup;
			children = (
				741B6ECB236A59BA00B76090 /* MainViewController.swift */,
				741B6F04236DC93900B76090 /* DetailTableViewCell.swift */,
				741B6F05236DC93900B76090 /* DetailTableViewCell.xib */,
				741B6F06236DC93900B76090 /* DetailViewController.swift */,
				741B6EEE236A65F900B76090 /* TouristSitePhotoCell.swift */,
				741B6EED236A65F900B76090 /* TouristSitePhotoCell.xib */,
				741B6EEC236A65F900B76090 /* TouristSiteCell.swift */,
				741B6EEF236A65F900B76090 /* TouristSiteCell.xib */,
				741B6F0C236E5B5600B76090 /* TSNavigationController.swift */,
			);
			path = View;
			sourceTree = "<group>";
		};
		741B6EDC236A5B9A00B76090 /* ViewModel */ = {
			isa = PBXGroup;
			children = (
				741B6EFA236D0E9D00B76090 /* MainViewModel.swift */,
			);
			path = ViewModel;
			sourceTree = "<group>";
		};
		741B6EDD236A5BA000B76090 /* Model */ = {
			isa = PBXGroup;
			children = (
				741B6EE1236A5E1600B76090 /* HTTPClient.swift */,
				741B6EE5236A646000B76090 /* Observable.swift */,
				741B6EE2236A5E1600B76090 /* TouristSitesAPI.swift */,
				741B6F0A236E328900B76090 /* TouristSitesService.swift */,
			);
			path = Model;
			sourceTree = "<group>";
		};
		741B6EDE236A5C7900B76090 /* Helper */ = {
			isa = PBXGroup;
			children = (
				741B6EFC236D11F600B76090 /* Kingfisher+Wrapper.swift */,
				741B6EDF236A5C9400B76090 /* UIColor+Extension.swift */,
				741B6EF4236A6A0C00B76090 /* UIView+Extension.swift */,
				741B6EF6236A6BA900B76090 /* UITableView+Extension.swift */,
				741B6EF8236A6DBD00B76090 /* UICollectionView+Extension.swift */,
			);
			path = Helper;
			sourceTree = "<group>";
		};
		782EAEBDF6F42F4060BDFCDF /* Frameworks */ = {
			isa = PBXGroup;
			children = (
				3A53F5AB98EA2382F26C886C /* Pods_TouristSites.framework */,
			);
			name = Frameworks;
			sourceTree = "<group>";
		};
/* End PBXGroup section */

/* Begin PBXNativeTarget section */
		741B6EC3236A59BA00B76090 /* TouristSites */ = {
			isa = PBXNativeTarget;
			buildConfigurationList = 741B6ED8236A59BC00B76090 /* Build configuration list for PBXNativeTarget "TouristSites" */;
			buildPhases = (
				E1302F5507E0C14604FC5B4F /* [CP] Check Pods Manifest.lock */,
				741B6EC0236A59BA00B76090 /* Sources */,
				741B6EC1236A59BA00B76090 /* Frameworks */,
				741B6EC2236A59BA00B76090 /* Resources */,
				FC85FA9D70AF8BD025ED36CC /* [CP] Embed Pods Frameworks */,
			);
			buildRules = (
			);
			dependencies = (
			);
			name = TouristSites;
			productName = TouristSites;
			productReference = 741B6EC4236A59BA00B76090 /* TouristSites.app */;
			productType = "com.apple.product-type.application";
		};
/* End PBXNativeTarget section */

/* Begin PBXProject section */
		741B6EBC236A59BA00B76090 /* Project object */ = {
			isa = PBXProject;
			attributes = {
				LastSwiftUpdateCheck = 1100;
				LastUpgradeCheck = 1100;
				ORGANIZATIONNAME = littema;
				TargetAttributes = {
					741B6EC3236A59BA00B76090 = {
						CreatedOnToolsVersion = 11.0;
					};
				};
			};
			buildConfigurationList = 741B6EBF236A59BA00B76090 /* Build configuration list for PBXProject "TouristSites" */;
			compatibilityVersion = "Xcode 9.3";
			developmentRegion = en;
			hasScannedForEncodings = 0;
			knownRegions = (
				en,
				Base,
			);
			mainGroup = 741B6EBB236A59BA00B76090;
			productRefGroup = 741B6EC5236A59BA00B76090 /* Products */;
			projectDirPath = "";
			projectRoot = "";
			targets = (
				741B6EC3236A59BA00B76090 /* TouristSites */,
			);
		};
/* End PBXProject section */

/* Begin PBXResourcesBuildPhase section */
		741B6EC2236A59BA00B76090 /* Resources */ = {
			isa = PBXResourcesBuildPhase;
			buildActionMask = 2147483647;
			files = (
				741B6EF1236A65F900B76090 /* TouristSitePhotoCell.xib in Resources */,
				741B6F08236DC93900B76090 /* DetailTableViewCell.xib in Resources */,
				741B6ED4236A59BC00B76090 /* LaunchScreen.storyboard in Resources */,
				741B6EF3236A65F900B76090 /* TouristSiteCell.xib in Resources */,
				741B6ED1236A59BC00B76090 /* Assets.xcassets in Resources */,
			);
			runOnlyForDeploymentPostprocessing = 0;
		};
/* End PBXResourcesBuildPhase section */

/* Begin PBXShellScriptBuildPhase section */
		E1302F5507E0C14604FC5B4F /* [CP] Check Pods Manifest.lock */ = {
			isa = PBXShellScriptBuildPhase;
			buildActionMask = 2147483647;
			files = (
			);
			inputFileListPaths = (
			);
			inputPaths = (
				"${PODS_PODFILE_DIR_PATH}/Podfile.lock",
				"${PODS_ROOT}/Manifest.lock",
			);
			name = "[CP] Check Pods Manifest.lock";
			outputFileListPaths = (
			);
			outputPaths = (
				"$(DERIVED_FILE_DIR)/Pods-TouristSites-checkManifestLockResult.txt",
			);
			runOnlyForDeploymentPostprocessing = 0;
			shellPath = /bin/sh;
			shellScript = "diff \"${PODS_PODFILE_DIR_PATH}/Podfile.lock\" \"${PODS_ROOT}/Manifest.lock\" > /dev/null\nif [ $? != 0 ] ; then\n    # print error to STDERR\n    echo \"error: The sandbox is not in sync with the Podfile.lock. Run 'pod install' or update your CocoaPods installation.\" >&2\n    exit 1\nfi\n# This output is used by Xcode 'outputs' to avoid re-running this script phase.\necho \"SUCCESS\" > \"${SCRIPT_OUTPUT_FILE_0}\"\n";
			showEnvVarsInLog = 0;
		};
		FC85FA9D70AF8BD025ED36CC /* [CP] Embed Pods Frameworks */ = {
			isa = PBXShellScriptBuildPhase;
			buildActionMask = 2147483647;
			files = (
			);
			inputFileListPaths = (
				"${PODS_ROOT}/Target Support Files/Pods-TouristSites/Pods-TouristSites-frameworks-${CONFIGURATION}-input-files.xcfilelist",
			);
			name = "[CP] Embed Pods Frameworks";
			outputFileListPaths = (
				"${PODS_ROOT}/Target Support Files/Pods-TouristSites/Pods-TouristSites-frameworks-${CONFIGURATION}-output-files.xcfilelist",
			);
			runOnlyForDeploymentPostprocessing = 0;
			shellPath = /bin/sh;
			shellScript = "\"${PODS_ROOT}/Target Support Files/Pods-TouristSites/Pods-TouristSites-frameworks.sh\"\n";
			showEnvVarsInLog = 0;
		};
/* End PBXShellScriptBuildPhase section */

/* Begin PBXSourcesBuildPhase section */
		741B6EC0236A59BA00B76090 /* Sources */ = {
			isa = PBXSourcesBuildPhase;
			buildActionMask = 2147483647;
			files = (
				741B6EF9236A6DBD00B76090 /* UICollectionView+Extension.swift in Sources */,
				741B6EFD236D11F600B76090 /* Kingfisher+Wrapper.swift in Sources */,
				741B6EF7236A6BA900B76090 /* UITableView+Extension.swift in Sources */,
				741B6F07236DC93900B76090 /* DetailTableViewCell.swift in Sources */,
				741B6F0D236E5B5600B76090 /* TSNavigationController.swift in Sources */,
				741B6ECC236A59BA00B76090 /* MainViewController.swift in Sources */,
				741B6EF2236A65F900B76090 /* TouristSitePhotoCell.swift in Sources */,
				741B6EE3236A5E1700B76090 /* HTTPClient.swift in Sources */,
				741B6F09236DC93900B76090 /* DetailViewController.swift in Sources */,
				741B6EC8236A59BA00B76090 /* AppDelegate.swift in Sources */,
				741B6EE6236A646000B76090 /* Observable.swift in Sources */,
				741B6EE4236A5E1700B76090 /* TouristSitesAPI.swift in Sources */,
				741B6F0B236E328900B76090 /* TouristSitesService.swift in Sources */,
				741B6EFB236D0E9D00B76090 /* MainViewModel.swift in Sources */,
				741B6ECA236A59BA00B76090 /* SceneDelegate.swift in Sources */,
				741B6EE0236A5C9500B76090 /* UIColor+Extension.swift in Sources */,
				741B6EF5236A6A0C00B76090 /* UIView+Extension.swift in Sources */,
				741B6EF0236A65F900B76090 /* TouristSiteCell.swift in Sources */,
			);
			runOnlyForDeploymentPostprocessing = 0;
		};
/* End PBXSourcesBuildPhase section */

/* Begin PBXVariantGroup section */
		741B6ED2236A59BC00B76090 /* LaunchScreen.storyboard */ = {
			isa = PBXVariantGroup;
			children = (
				741B6ED3236A59BC00B76090 /* Base */,
			);
			name = LaunchScreen.storyboard;
			sourceTree = "<group>";
		};
/* End PBXVariantGroup section */

/* Begin XCBuildConfiguration section */
		741B6ED6236A59BC00B76090 /* Debug */ = {
			isa = XCBuildConfiguration;
			buildSettings = {
				ALWAYS_SEARCH_USER_PATHS = NO;
				CLANG_ANALYZER_NONNULL = YES;
				CLANG_ANALYZER_NUMBER_OBJECT_CONVERSION = YES_AGGRESSIVE;
				CLANG_CXX_LANGUAGE_STANDARD = "gnu++14";
				CLANG_CXX_LIBRARY = "libc++";
				CLANG_ENABLE_MODULES = YES;
				CLANG_ENABLE_OBJC_ARC = YES;
				CLANG_ENABLE_OBJC_WEAK = YES;
				CLANG_WARN_BLOCK_CAPTURE_AUTORELEASING = YES;
				CLANG_WARN_BOOL_CONVERSION = YES;
				CLANG_WARN_COMMA = YES;
				CLANG_WARN_CONSTANT_CONVERSION = YES;
				CLANG_WARN_DEPRECATED_OBJC_IMPLEMENTATIONS = YES;
				CLANG_WARN_DIRECT_OBJC_ISA_USAGE = YES_ERROR;
				CLANG_WARN_DOCUMENTATION_COMMENTS = YES;
				CLANG_WARN_EMPTY_BODY = YES;
				CLANG_WARN_ENUM_CONVERSION = YES;
				CLANG_WARN_INFINITE_RECURSION = YES;
				CLANG_WARN_INT_CONVERSION = YES;
				CLANG_WARN_NON_LITERAL_NULL_CONVERSION = YES;
				CLANG_WARN_OBJC_IMPLICIT_RETAIN_SELF = YES;
				CLANG_WARN_OBJC_LITERAL_CONVERSION = YES;
				CLANG_WARN_OBJC_ROOT_CLASS = YES_ERROR;
				CLANG_WARN_RANGE_LOOP_ANALYSIS = YES;
				CLANG_WARN_STRICT_PROTOTYPES = YES;
				CLANG_WARN_SUSPICIOUS_MOVE = YES;
				CLANG_WARN_UNGUARDED_AVAILABILITY = YES_AGGRESSIVE;
				CLANG_WARN_UNREACHABLE_CODE = YES;
				CLANG_WARN__DUPLICATE_METHOD_MATCH = YES;
				COPY_PHASE_STRIP = NO;
				DEBUG_INFORMATION_FORMAT = dwarf;
				ENABLE_STRICT_OBJC_MSGSEND = YES;
				ENABLE_TESTABILITY = YES;
				GCC_C_LANGUAGE_STANDARD = gnu11;
				GCC_DYNAMIC_NO_PIC = NO;
				GCC_NO_COMMON_BLOCKS = YES;
				GCC_OPTIMIZATION_LEVEL = 0;
				GCC_PREPROCESSOR_DEFINITIONS = (
					"DEBUG=1",
					"$(inherited)",
				);
				GCC_WARN_64_TO_32_BIT_CONVERSION = YES;
				GCC_WARN_ABOUT_RETURN_TYPE = YES_ERROR;
				GCC_WARN_UNDECLARED_SELECTOR = YES;
				GCC_WARN_UNINITIALIZED_AUTOS = YES_AGGRESSIVE;
				GCC_WARN_UNUSED_FUNCTION = YES;
				GCC_WARN_UNUSED_VARIABLE = YES;
				IPHONEOS_DEPLOYMENT_TARGET = 13.0;
				MTL_ENABLE_DEBUG_INFO = INCLUDE_SOURCE;
				MTL_FAST_MATH = YES;
				ONLY_ACTIVE_ARCH = YES;
				SDKROOT = iphoneos;
				SWIFT_ACTIVE_COMPILATION_CONDITIONS = DEBUG;
				SWIFT_OPTIMIZATION_LEVEL = "-Onone";
			};
			name = Debug;
		};
		741B6ED7236A59BC00B76090 /* Release */ = {
			isa = XCBuildConfiguration;
			buildSettings = {
				ALWAYS_SEARCH_USER_PATHS = NO;
				CLANG_ANALYZER_NONNULL = YES;
				CLANG_ANALYZER_NUMBER_OBJECT_CONVERSION = YES_AGGRESSIVE;
				CLANG_CXX_LANGUAGE_STANDARD = "gnu++14";
				CLANG_CXX_LIBRARY = "libc++";
				CLANG_ENABLE_MODULES = YES;
				CLANG_ENABLE_OBJC_ARC = YES;
				CLANG_ENABLE_OBJC_WEAK = YES;
				CLANG_WARN_BLOCK_CAPTURE_AUTORELEASING = YES;
				CLANG_WARN_BOOL_CONVERSION = YES;
				CLANG_WARN_COMMA = YES;
				CLANG_WARN_CONSTANT_CONVERSION = YES;
				CLANG_WARN_DEPRECATED_OBJC_IMPLEMENTATIONS = YES;
				CLANG_WARN_DIRECT_OBJC_ISA_USAGE = YES_ERROR;
				CLANG_WARN_DOCUMENTATION_COMMENTS = YES;
				CLANG_WARN_EMPTY_BODY = YES;
				CLANG_WARN_ENUM_CONVERSION = YES;
				CLANG_WARN_INFINITE_RECURSION = YES;
				CLANG_WARN_INT_CONVERSION = YES;
				CLANG_WARN_NON_LITERAL_NULL_CONVERSION = YES;
				CLANG_WARN_OBJC_IMPLICIT_RETAIN_SELF = YES;
				CLANG_WARN_OBJC_LITERAL_CONVERSION = YES;
				CLANG_WARN_OBJC_ROOT_CLASS = YES_ERROR;
				CLANG_WARN_RANGE_LOOP_ANALYSIS = YES;
				CLANG_WARN_STRICT_PROTOTYPES = YES;
				CLANG_WARN_SUSPICIOUS_MOVE = YES;
				CLANG_WARN_UNGUARDED_AVAILABILITY = YES_AGGRESSIVE;
				CLANG_WARN_UNREACHABLE_CODE = YES;
				CLANG_WARN__DUPLICATE_METHOD_MATCH = YES;
				COPY_PHASE_STRIP = NO;
				DEBUG_INFORMATION_FORMAT = "dwarf-with-dsym";
				ENABLE_NS_ASSERTIONS = NO;
				ENABLE_STRICT_OBJC_MSGSEND = YES;
				GCC_C_LANGUAGE_STANDARD = gnu11;
				GCC_NO_COMMON_BLOCKS = YES;
				GCC_WARN_64_TO_32_BIT_CONVERSION = YES;
				GCC_WARN_ABOUT_RETURN_TYPE = YES_ERROR;
				GCC_WARN_UNDECLARED_SELECTOR = YES;
				GCC_WARN_UNINITIALIZED_AUTOS = YES_AGGRESSIVE;
				GCC_WARN_UNUSED_FUNCTION = YES;
				GCC_WARN_UNUSED_VARIABLE = YES;
				IPHONEOS_DEPLOYMENT_TARGET = 13.0;
				MTL_ENABLE_DEBUG_INFO = NO;
				MTL_FAST_MATH = YES;
				SDKROOT = iphoneos;
				SWIFT_COMPILATION_MODE = wholemodule;
				SWIFT_OPTIMIZATION_LEVEL = "-O";
				VALIDATE_PRODUCT = YES;
			};
			name = Release;
		};
		741B6ED9236A59BC00B76090 /* Debug */ = {
			isa = XCBuildConfiguration;
			baseConfigurationReference = 0ED39D4C8538C9220125F89E /* Pods-TouristSites.debug.xcconfig */;
			buildSettings = {
				ASSETCATALOG_COMPILER_APPICON_NAME = AppIcon;
				CODE_SIGN_STYLE = Automatic;
				DEVELOPMENT_TEAM = 2NZHQL2FPV;
				INFOPLIST_FILE = TouristSites/Info.plist;
				LD_RUNPATH_SEARCH_PATHS = (
					"$(inherited)",
					"@executable_path/Frameworks",
				);
				PRODUCT_BUNDLE_IDENTIFIER = com.littlema.TouristSites;
				PRODUCT_NAME = "$(TARGET_NAME)";
				SWIFT_VERSION = 5.0;
				TARGETED_DEVICE_FAMILY = 1;
			};
			name = Debug;
		};
		741B6EDA236A59BC00B76090 /* Release */ = {
			isa = XCBuildConfiguration;
			baseConfigurationReference = 5D0B3762F8358DB2EFC7B9D7 /* Pods-TouristSites.release.xcconfig */;
			buildSettings = {
				ASSETCATALOG_COMPILER_APPICON_NAME = AppIcon;
				CODE_SIGN_STYLE = Automatic;
				DEVELOPMENT_TEAM = 2NZHQL2FPV;
				INFOPLIST_FILE = TouristSites/Info.plist;
				LD_RUNPATH_SEARCH_PATHS = (
					"$(inherited)",
					"@executable_path/Frameworks",
				);
				PRODUCT_BUNDLE_IDENTIFIER = com.littlema.TouristSites;
				PRODUCT_NAME = "$(TARGET_NAME)";
				SWIFT_VERSION = 5.0;
				TARGETED_DEVICE_FAMILY = 1;
			};
			name = Release;
		};
/* End XCBuildConfiguration section */

/* Begin XCConfigurationList section */
		741B6EBF236A59BA00B76090 /* Build configuration list for PBXProject "TouristSites" */ = {
			isa = XCConfigurationList;
			buildConfigurations = (
				741B6ED6236A59BC00B76090 /* Debug */,
				741B6ED7236A59BC00B76090 /* Release */,
			);
			defaultConfigurationIsVisible = 0;
			defaultConfigurationName = Release;
		};
		741B6ED8236A59BC00B76090 /* Build configuration list for PBXNativeTarget "TouristSites" */ = {
			isa = XCConfigurationList;
			buildConfigurations = (
				741B6ED9236A59BC00B76090 /* Debug */,
				741B6EDA236A59BC00B76090 /* Release */,
			);
			defaultConfigurationIsVisible = 0;
			defaultConfigurationName = Release;
		};
/* End XCConfigurationList section */
	};
	rootObject = 741B6EBC236A59BA00B76090 /* Project object */;
}
